schema: '2.0'
stages:
  data_ingestion:
    cmd: python src/data_ingestion.py
    deps:
    - path: src/data_ingestion.py
      hash: md5
      md5: a54f4c4ac1a9e1717ad184e1fb19efe7
      size: 455
    outs:
    - path: data/raw/test.csv
      hash: md5
      md5: 19d926610c923a88aaa10d4fc70c6d78
      size: 487
    - path: data/raw/train.csv
      hash: md5
      md5: 070370b7c17e826f248a00488f587ad3
      size: 1785
  feature_engineering:
    cmd: python src/feature_engineering.py
    deps:
    - path: data/raw/test.csv
      hash: md5
      md5: 19d926610c923a88aaa10d4fc70c6d78
      size: 487
    - path: data/raw/train.csv
      hash: md5
      md5: 070370b7c17e826f248a00488f587ad3
      size: 1785
    - path: src/feature_engineering.py
      hash: md5
      md5: 7cf4b87d820c56888a1b8dea43ab590a
      size: 1363
    params:
      params.yaml:
        feature_engineering.n_components: 3
    outs:
    - path: data/processed/test_processed.csv
      hash: md5
      md5: 9cc44510b67d897011ea8efef7d3fdc4
      size: 1227
    - path: data/processed/train_processed.csv
      hash: md5
      md5: c9e519b86da62f87c84a190854b90dac
      size: 4884
  train_model:
    cmd: python src/model_training.py
    deps:
    - path: data/processed/train_processed.csv
      hash: md5
      md5: c9e519b86da62f87c84a190854b90dac
      size: 4884
    - path: src/model_training.py
      hash: md5
      md5: 04d4f53931512b25dc57bc52f781939d
      size: 910
    params:
      params.yaml:
        model_training.bootstrap: true
        model_training.criterion: entropy
        model_training.max_depth: 2
        model_training.n_estimators: 16
    outs:
    - path: model.pkl
      hash: md5
      md5: 805695696b1d2be14997064fab2a08c8
      size: 13199
  evaluate_model:
    cmd: python src/model_evaluation.py
    deps:
    - path: data/processed/test_processed.csv
      hash: md5
      md5: 9cc44510b67d897011ea8efef7d3fdc4
      size: 1227
    - path: model.pkl
      hash: md5
      md5: 805695696b1d2be14997064fab2a08c8
      size: 13199
    - path: src/model_evaluation.py
      hash: md5
      md5: 4e9ceea6b9a7f39cb845ea26bc758bea
      size: 1342
    params:
      params.yaml:
        feature_engineering.n_components: 3
        model_training.bootstrap: true
        model_training.criterion: entropy
        model_training.max_depth: 2
        model_training.n_estimators: 16
    outs:
    - path: metrics.json
      hash: md5
      md5: d8363e4663182832cd71fc75ac68d338
      size: 95
